
Microsoft Visual Studio Solution File, Format Version 12.00
# Visual Studio Version 17
VisualStudioVersion = 17.5.33516.290
MinimumVisualStudioVersion = 10.0.40219.1
Project("{FAE04EC0-301F-11D3-BF4B-00C04F79EFBC}") = "Guess Game", "Guess Game.csproj", "{B1664F95-37B3-45CD-8FD0-92B141811D10}"
EndProject
Global
	GlobalSection(SolutionConfigurationPlatforms) = preSolution
		Debug|Any CPU = Debug|Any CPU
		Release|Any CPU = Release|Any CPU
	EndGlobalSection
	GlobalSection(ProjectConfigurationPlatforms) = postSolution
		{B1664F95-37B3-45CD-8FD0-92B141811D10}.Debug|Any CPU.ActiveCfg = Debug|Any CPU
		{B1664F95-37B3-45CD-8FD0-92B141811D10}.Debug|Any CPU.Build.0 = Debug|Any CPU
		{B1664F95-37B3-45CD-8FD0-92B141811D10}.Release|Any CPU.ActiveCfg = Release|Any CPU
		{B1664F95-37B3-45CD-8FD0-92B141811D10}.Release|Any CPU.Build.0 = Release|Any CPU
	EndGlobalSection
	GlobalSection(SolutionProperties) = preSolution
		HideSolutionNode = FALSE
	EndGlobalSection
	GlobalSection(ExtensibilityGlobals) = postSolution
		SolutionGuid = {5432E227-E02D-4368-BA5F-AA5757251BC5}
	EndGlobalSection
EndGlobal
